
Microsoft Visual Studio Solution File, Format Version 12.00
# Visual Studio 14
VisualStudioVersion = 14.0.25420.1
MinimumVisualStudioVersion = 10.0.40219.1
Project("{FAE04EC0-301F-11D3-BF4B-00C04F79EFBC}") = "PlayX.Android", "PlayX\PlayX.Android\PlayX.Android.csproj", "{ED8081AD-6790-40B2-89B6-365FE92C10D0}"
EndProject
Project("{FAE04EC0-301F-11D3-BF4B-00C04F79EFBC}") = "PlayX", "PlayX\PlayX\PlayX.csproj", "{B429B8DB-11E0-4103-84B9-389C1DC7CE1B}"
EndProject
Project("{FAE04EC0-301F-11D3-BF4B-00C04F79EFBC}") = "PlayX.UWP", "PlayX\PlayX.UWP\PlayX.UWP.csproj", "{02439779-53B8-4C58-A226-261CABF9B73B}"
EndProject
Project("{FAE04EC0-301F-11D3-BF4B-00C04F79EFBC}") = "PlayX.iOS", "PlayX\PlayX.iOS\PlayX.iOS.csproj", "{B37AAE7D-F305-4D66-B843-7D1B2A6109D7}"
EndProject
Global
	GlobalSection(SolutionConfigurationPlatforms) = preSolution
		Ad-Hoc|Any CPU = Ad-Hoc|Any CPU
		Ad-Hoc|ARM = Ad-Hoc|ARM
		Ad-Hoc|iPhone = Ad-Hoc|iPhone
		Ad-Hoc|iPhoneSimulator = Ad-Hoc|iPhoneSimulator
		Ad-Hoc|x64 = Ad-Hoc|x64
		Ad-Hoc|x86 = Ad-Hoc|x86
		AppStore|Any CPU = AppStore|Any CPU
		AppStore|ARM = AppStore|ARM
		AppStore|iPhone = AppStore|iPhone
		AppStore|iPhoneSimulator = AppStore|iPhoneSimulator
		AppStore|x64 = AppStore|x64
		AppStore|x86 = AppStore|x86
		Debug|Any CPU = Debug|Any CPU
		Debug|ARM = Debug|ARM
		Debug|iPhone = Debug|iPhone
		Debug|iPhoneSimulator = Debug|iPhoneSimulator
		Debug|x64 = Debug|x64
		Debug|x86 = Debug|x86
		Release|Any CPU = Release|Any CPU
		Release|ARM = Release|ARM
		Release|iPhone = Release|iPhone
		Release|iPhoneSimulator = Release|iPhoneSimulator
		Release|x64 = Release|x64
		Release|x86 = Release|x86
	EndGlobalSection
	GlobalSection(ProjectConfigurationPlatforms) = postSolution
		{ED8081AD-6790-40B2-89B6-365FE92C10D0}.Ad-Hoc|Any CPU.ActiveCfg = Release|Any CPU
		{ED8081AD-6790-40B2-89B6-365FE92C10D0}.Ad-Hoc|Any CPU.Build.0 = Release|Any CPU
		{ED8081AD-6790-40B2-89B6-365FE92C10D0}.Ad-Hoc|Any CPU.Deploy.0 = Release|Any CPU
		{ED8081AD-6790-40B2-89B6-365FE92C10D0}.Ad-Hoc|ARM.ActiveCfg = Release|Any CPU
		{ED8081AD-6790-40B2-89B6-365FE92C10D0}.Ad-Hoc|ARM.Build.0 = Release|Any CPU
		{ED8081AD-6790-40B2-89B6-365FE92C10D0}.Ad-Hoc|ARM.Deploy.0 = Release|Any CPU
		{ED8081AD-6790-40B2-89B6-365FE92C10D0}.Ad-Hoc|iPhone.ActiveCfg = Release|Any CPU
		{ED8081AD-6790-40B2-89B6-365FE92C10D0}.Ad-Hoc|iPhone.Build.0 = Release|Any CPU
		{ED8081AD-6790-40B2-89B6-365FE92C10D0}.Ad-Hoc|iPhone.Deploy.0 = Release|Any CPU
		{ED8081AD-6790-40B2-89B6-365FE92C10D0}.Ad-Hoc|iPhoneSimulator.ActiveCfg = Release|Any CPU
		{ED8081AD-6790-40B2-89B6-365FE92C10D0}.Ad-Hoc|iPhoneSimulator.Build.0 = Release|Any CPU
		{ED8081AD-6790-40B2-89B6-365FE92C10D0}.Ad-Hoc|iPhoneSimulator.Deploy.0 = Release|Any CPU
		{ED8081AD-6790-40B2-89B6-365FE92C10D0}.Ad-Hoc|x64.ActiveCfg = Release|Any CPU
		{ED8081AD-6790-40B2-89B6-365FE92C10D0}.Ad-Hoc|x64.Build.0 = Release|Any CPU
		{ED8081AD-6790-40B2-89B6-365FE92C10D0}.Ad-Hoc|x64.Deploy.0 = Release|Any CPU
		{ED8081AD-6790-40B2-89B6-365FE92C10D0}.Ad-Hoc|x86.ActiveCfg = Release|Any CPU
		{ED8081AD-6790-40B2-89B6-365FE92C10D0}.Ad-Hoc|x86.Build.0 = Release|Any CPU
		{ED8081AD-6790-40B2-89B6-365FE92C10D0}.Ad-Hoc|x86.Deploy.0 = Release|Any CPU
		{ED8081AD-6790-40B2-89B6-365FE92C10D0}.AppStore|Any CPU.ActiveCfg = Release|Any CPU
		{ED8081AD-6790-40B2-89B6-365FE92C10D0}.AppStore|Any CPU.Build.0 = Release|Any CPU
		{ED8081AD-6790-40B2-89B6-365FE92C10D0}.AppStore|Any CPU.Deploy.0 = Release|Any CPU
		{ED8081AD-6790-40B2-89B6-365FE92C10D0}.AppStore|ARM.ActiveCfg = Release|Any CPU
		{ED8081AD-6790-40B2-89B6-365FE92C10D0}.AppStore|ARM.Build.0 = Release|Any CPU
		{ED8081AD-6790-40B2-89B6-365FE92C10D0}.AppStore|ARM.Deploy.0 = Release|Any CPU
		{ED8081AD-6790-40B2-89B6-365FE92C10D0}.AppStore|iPhone.ActiveCfg = Release|Any CPU
		{ED8081AD-6790-40B2-89B6-365FE92C10D0}.AppStore|iPhone.Build.0 = Release|Any CPU
		{ED8081AD-6790-40B2-89B6-365FE92C10D0}.AppStore|iPhone.Deploy.0 = Release|Any CPU
		{ED8081AD-6790-40B2-89B6-365FE92C10D0}.AppStore|iPhoneSimulator.ActiveCfg = Release|Any CPU
		{ED8081AD-6790-40B2-89B6-365FE92C10D0}.AppStore|iPhoneSimulator.Build.0 = Release|Any CPU
		{ED8081AD-6790-40B2-89B6-365FE92C10D0}.AppStore|iPhoneSimulator.Deploy.0 = Release|Any CPU
		{ED8081AD-6790-40B2-89B6-365FE92C10D0}.AppStore|x64.ActiveCfg = Release|Any CPU
		{ED8081AD-6790-40B2-89B6-365FE92C10D0}.AppStore|x64.Build.0 = Release|Any CPU
		{ED8081AD-6790-40B2-89B6-365FE92C10D0}.AppStore|x64.Deploy.0 = Release|Any CPU
		{ED8081AD-6790-40B2-89B6-365FE92C10D0}.AppStore|x86.ActiveCfg = Release|Any CPU
		{ED8081AD-6790-40B2-89B6-365FE92C10D0}.AppStore|x86.Build.0 = Release|Any CPU
		{ED8081AD-6790-40B2-89B6-365FE92C10D0}.AppStore|x86.Deploy.0 = Release|Any CPU
		{ED8081AD-6790-40B2-89B6-365FE92C10D0}.Debug|Any CPU.ActiveCfg = Debug|Any CPU
		{ED8081AD-6790-40B2-89B6-365FE92C10D0}.Debug|Any CPU.Build.0 = Debug|Any CPU
		{ED8081AD-6790-40B2-89B6-365FE92C10D0}.Debug|Any CPU.Deploy.0 = Debug|Any CPU
		{ED8081AD-6790-40B2-89B6-365FE92C10D0}.Debug|ARM.ActiveCfg = Debug|Any CPU
		{ED8081AD-6790-40B2-89B6-365FE92C10D0}.Debug|ARM.Build.0 = Debug|Any CPU
		{ED8081AD-6790-40B2-89B6-365FE92C10D0}.Debug|ARM.Deploy.0 = Debug|Any CPU
		{ED8081AD-6790-40B2-89B6-365FE92C10D0}.Debug|iPhone.ActiveCfg = Debug|Any CPU
		{ED8081AD-6790-40B2-89B6-365FE92C10D0}.Debug|iPhone.Build.0 = Debug|Any CPU
		{ED8081AD-6790-40B2-89B6-365FE92C10D0}.Debug|iPhone.Deploy.0 = Debug|Any CPU
		{ED8081AD-6790-40B2-89B6-365FE92C10D0}.Debug|iPhoneSimulator.ActiveCfg = Debug|Any CPU
		{ED8081AD-6790-40B2-89B6-365FE92C10D0}.Debug|iPhoneSimulator.Build.0 = Debug|Any CPU
		{ED8081AD-6790-40B2-89B6-365FE92C10D0}.Debug|iPhoneSimulator.Deploy.0 = Debug|Any CPU
		{ED8081AD-6790-40B2-89B6-365FE92C10D0}.Debug|x64.ActiveCfg = Debug|Any CPU
		{ED8081AD-6790-40B2-89B6-365FE92C10D0}.Debug|x64.Build.0 = Debug|Any CPU
		{ED8081AD-6790-40B2-89B6-365FE92C10D0}.Debug|x64.Deploy.0 = Debug|Any CPU
		{ED8081AD-6790-40B2-89B6-365FE92C10D0}.Debug|x86.ActiveCfg = Debug|Any CPU
		{ED8081AD-6790-40B2-89B6-365FE92C10D0}.Debug|x86.Build.0 = Debug|Any CPU
		{ED8081AD-6790-40B2-89B6-365FE92C10D0}.Debug|x86.Deploy.0 = Debug|Any CPU
		{ED8081AD-6790-40B2-89B6-365FE92C10D0}.Release|Any CPU.ActiveCfg = Release|Any CPU
		{ED8081AD-6790-40B2-89B6-365FE92C10D0}.Release|Any CPU.Build.0 = Release|Any CPU
		{ED8081AD-6790-40B2-89B6-365FE92C10D0}.Release|Any CPU.Deploy.0 = Release|Any CPU
		{ED8081AD-6790-40B2-89B6-365FE92C10D0}.Release|ARM.ActiveCfg = Release|Any CPU
		{ED8081AD-6790-40B2-89B6-365FE92C10D0}.Release|ARM.Build.0 = Release|Any CPU
		{ED8081AD-6790-40B2-89B6-365FE92C10D0}.Release|ARM.Deploy.0 = Release|Any CPU
		{ED8081AD-6790-40B2-89B6-365FE92C10D0}.Release|iPhone.ActiveCfg = Release|Any CPU
		{ED8081AD-6790-40B2-89B6-365FE92C10D0}.Release|iPhone.Build.0 = Release|Any CPU
		{ED8081AD-6790-40B2-89B6-365FE92C10D0}.Release|iPhone.Deploy.0 = Release|Any CPU
		{ED8081AD-6790-40B2-89B6-365FE92C10D0}.Release|iPhoneSimulator.ActiveCfg = Release|Any CPU
		{ED8081AD-6790-40B2-89B6-365FE92C10D0}.Release|iPhoneSimulator.Build.0 = Release|Any CPU
		{ED8081AD-6790-40B2-89B6-365FE92C10D0}.Release|iPhoneSimulator.Deploy.0 = Release|Any CPU
		{ED8081AD-6790-40B2-89B6-365FE92C10D0}.Release|x64.ActiveCfg = Release|Any CPU
		{ED8081AD-6790-40B2-89B6-365FE92C10D0}.Release|x64.Build.0 = Release|Any CPU
		{ED8081AD-6790-40B2-89B6-365FE92C10D0}.Release|x64.Deploy.0 = Release|Any CPU
		{ED8081AD-6790-40B2-89B6-365FE92C10D0}.Release|x86.ActiveCfg = Release|Any CPU
		{ED8081AD-6790-40B2-89B6-365FE92C10D0}.Release|x86.Build.0 = Release|Any CPU
		{ED8081AD-6790-40B2-89B6-365FE92C10D0}.Release|x86.Deploy.0 = Release|Any CPU
		{B429B8DB-11E0-4103-84B9-389C1DC7CE1B}.Ad-Hoc|Any CPU.ActiveCfg = Release|Any CPU
		{B429B8DB-11E0-4103-84B9-389C1DC7CE1B}.Ad-Hoc|Any CPU.Build.0 = Release|Any CPU
		{B429B8DB-11E0-4103-84B9-389C1DC7CE1B}.Ad-Hoc|ARM.ActiveCfg = Release|Any CPU
		{B429B8DB-11E0-4103-84B9-389C1DC7CE1B}.Ad-Hoc|ARM.Build.0 = Release|Any CPU
		{B429B8DB-11E0-4103-84B9-389C1DC7CE1B}.Ad-Hoc|iPhone.ActiveCfg = Release|Any CPU
		{B429B8DB-11E0-4103-84B9-389C1DC7CE1B}.Ad-Hoc|iPhone.Build.0 = Release|Any CPU
		{B429B8DB-11E0-4103-84B9-389C1DC7CE1B}.Ad-Hoc|iPhoneSimulator.ActiveCfg = Release|Any CPU
		{B429B8DB-11E0-4103-84B9-389C1DC7CE1B}.Ad-Hoc|iPhoneSimulator.Build.0 = Release|Any CPU
		{B429B8DB-11E0-4103-84B9-389C1DC7CE1B}.Ad-Hoc|x64.ActiveCfg = Release|Any CPU
		{B429B8DB-11E0-4103-84B9-389C1DC7CE1B}.Ad-Hoc|x64.Build.0 = Release|Any CPU
		{B429B8DB-11E0-4103-84B9-389C1DC7CE1B}.Ad-Hoc|x86.ActiveCfg = Release|Any CPU
		{B429B8DB-11E0-4103-84B9-389C1DC7CE1B}.Ad-Hoc|x86.Build.0 = Release|Any CPU
		{B429B8DB-11E0-4103-84B9-389C1DC7CE1B}.AppStore|Any CPU.ActiveCfg = Release|Any CPU
		{B429B8DB-11E0-4103-84B9-389C1DC7CE1B}.AppStore|Any CPU.Build.0 = Release|Any CPU
		{B429B8DB-11E0-4103-84B9-389C1DC7CE1B}.AppStore|ARM.ActiveCfg = Release|Any CPU
		{B429B8DB-11E0-4103-84B9-389C1DC7CE1B}.AppStore|ARM.Build.0 = Release|Any CPU
		{B429B8DB-11E0-4103-84B9-389C1DC7CE1B}.AppStore|iPhone.ActiveCfg = Release|Any CPU
		{B429B8DB-11E0-4103-84B9-389C1DC7CE1B}.AppStore|iPhone.Build.0 = Release|Any CPU
		{B429B8DB-11E0-4103-84B9-389C1DC7CE1B}.AppStore|iPhoneSimulator.ActiveCfg = Release|Any CPU
		{B429B8DB-11E0-4103-84B9-389C1DC7CE1B}.AppStore|iPhoneSimulator.Build.0 = Release|Any CPU
		{B429B8DB-11E0-4103-84B9-389C1DC7CE1B}.AppStore|x64.ActiveCfg = Release|Any CPU
		{B429B8DB-11E0-4103-84B9-389C1DC7CE1B}.AppStore|x64.Build.0 = Release|Any CPU
		{B429B8DB-11E0-4103-84B9-389C1DC7CE1B}.AppStore|x86.ActiveCfg = Release|Any CPU
		{B429B8DB-11E0-4103-84B9-389C1DC7CE1B}.AppStore|x86.Build.0 = Release|Any CPU
		{B429B8DB-11E0-4103-84B9-389C1DC7CE1B}.Debug|Any CPU.ActiveCfg = Debug|Any CPU
		{B429B8DB-11E0-4103-84B9-389C1DC7CE1B}.Debug|Any CPU.Build.0 = Debug|Any CPU
		{B429B8DB-11E0-4103-84B9-389C1DC7CE1B}.Debug|ARM.ActiveCfg = Debug|Any CPU
		{B429B8DB-11E0-4103-84B9-389C1DC7CE1B}.Debug|ARM.Build.0 = Debug|Any CPU
		{B429B8DB-11E0-4103-84B9-389C1DC7CE1B}.Debug|iPhone.ActiveCfg = Debug|Any CPU
		{B429B8DB-11E0-4103-84B9-389C1DC7CE1B}.Debug|iPhone.Build.0 = Debug|Any CPU
		{B429B8DB-11E0-4103-84B9-389C1DC7CE1B}.Debug|iPhoneSimulator.ActiveCfg = Debug|Any CPU
		{B429B8DB-11E0-4103-84B9-389C1DC7CE1B}.Debug|iPhoneSimulator.Build.0 = Debug|Any CPU
		{B429B8DB-11E0-4103-84B9-389C1DC7CE1B}.Debug|x64.ActiveCfg = Debug|Any CPU
		{B429B8DB-11E0-4103-84B9-389C1DC7CE1B}.Debug|x64.Build.0 = Debug|Any CPU
		{B429B8DB-11E0-4103-84B9-389C1DC7CE1B}.Debug|x86.ActiveCfg = Debug|Any CPU
		{B429B8DB-11E0-4103-84B9-389C1DC7CE1B}.Debug|x86.Build.0 = Debug|Any CPU
		{B429B8DB-11E0-4103-84B9-389C1DC7CE1B}.Release|Any CPU.ActiveCfg = Release|Any CPU
		{B429B8DB-11E0-4103-84B9-389C1DC7CE1B}.Release|Any CPU.Build.0 = Release|Any CPU
		{B429B8DB-11E0-4103-84B9-389C1DC7CE1B}.Release|ARM.ActiveCfg = Release|Any CPU
		{B429B8DB-11E0-4103-84B9-389C1DC7CE1B}.Release|ARM.Build.0 = Release|Any CPU
		{B429B8DB-11E0-4103-84B9-389C1DC7CE1B}.Release|iPhone.ActiveCfg = Release|Any CPU
		{B429B8DB-11E0-4103-84B9-389C1DC7CE1B}.Release|iPhone.Build.0 = Release|Any CPU
		{B429B8DB-11E0-4103-84B9-389C1DC7CE1B}.Release|iPhoneSimulator.ActiveCfg = Release|Any CPU
		{B429B8DB-11E0-4103-84B9-389C1DC7CE1B}.Release|iPhoneSimulator.Build.0 = Release|Any CPU
		{B429B8DB-11E0-4103-84B9-389C1DC7CE1B}.Release|x64.ActiveCfg = Release|Any CPU
		{B429B8DB-11E0-4103-84B9-389C1DC7CE1B}.Release|x64.Build.0 = Release|Any CPU
		{B429B8DB-11E0-4103-84B9-389C1DC7CE1B}.Release|x86.ActiveCfg = Release|Any CPU
		{B429B8DB-11E0-4103-84B9-389C1DC7CE1B}.Release|x86.Build.0 = Release|Any CPU
		{02439779-53B8-4C58-A226-261CABF9B73B}.Ad-Hoc|Any CPU.ActiveCfg = Release|x86
		{02439779-53B8-4C58-A226-261CABF9B73B}.Ad-Hoc|Any CPU.Build.0 = Release|x86
		{02439779-53B8-4C58-A226-261CABF9B73B}.Ad-Hoc|Any CPU.Deploy.0 = Release|x86
		{02439779-53B8-4C58-A226-261CABF9B73B}.Ad-Hoc|ARM.ActiveCfg = Release|ARM
		{02439779-53B8-4C58-A226-261CABF9B73B}.Ad-Hoc|ARM.Build.0 = Release|ARM
		{02439779-53B8-4C58-A226-261CABF9B73B}.Ad-Hoc|ARM.Deploy.0 = Release|ARM
		{02439779-53B8-4C58-A226-261CABF9B73B}.Ad-Hoc|iPhone.ActiveCfg = Release|x86
		{02439779-53B8-4C58-A226-261CABF9B73B}.Ad-Hoc|iPhone.Build.0 = Release|x86
		{02439779-53B8-4C58-A226-261CABF9B73B}.Ad-Hoc|iPhone.Deploy.0 = Release|x86
		{02439779-53B8-4C58-A226-261CABF9B73B}.Ad-Hoc|iPhoneSimulator.ActiveCfg = Release|x86
		{02439779-53B8-4C58-A226-261CABF9B73B}.Ad-Hoc|iPhoneSimulator.Build.0 = Release|x86
		{02439779-53B8-4C58-A226-261CABF9B73B}.Ad-Hoc|iPhoneSimulator.Deploy.0 = Release|x86
		{02439779-53B8-4C58-A226-261CABF9B73B}.Ad-Hoc|x64.ActiveCfg = Release|x64
		{02439779-53B8-4C58-A226-261CABF9B73B}.Ad-Hoc|x64.Build.0 = Release|x64
		{02439779-53B8-4C58-A226-261CABF9B73B}.Ad-Hoc|x64.Deploy.0 = Release|x64
		{02439779-53B8-4C58-A226-261CABF9B73B}.Ad-Hoc|x86.ActiveCfg = Release|x86
		{02439779-53B8-4C58-A226-261CABF9B73B}.Ad-Hoc|x86.Build.0 = Release|x86
		{02439779-53B8-4C58-A226-261CABF9B73B}.Ad-Hoc|x86.Deploy.0 = Release|x86
		{02439779-53B8-4C58-A226-261CABF9B73B}.AppStore|Any CPU.ActiveCfg = Release|x86
		{02439779-53B8-4C58-A226-261CABF9B73B}.AppStore|Any CPU.Build.0 = Release|x86
		{02439779-53B8-4C58-A226-261CABF9B73B}.AppStore|Any CPU.Deploy.0 = Release|x86
		{02439779-53B8-4C58-A226-261CABF9B73B}.AppStore|ARM.ActiveCfg = Release|ARM
		{02439779-53B8-4C58-A226-261CABF9B73B}.AppStore|ARM.Build.0 = Release|ARM
		{02439779-53B8-4C58-A226-261CABF9B73B}.AppStore|ARM.Deploy.0 = Release|ARM
		{02439779-53B8-4C58-A226-261CABF9B73B}.AppStore|iPhone.ActiveCfg = Release|x86
		{02439779-53B8-4C58-A226-261CABF9B73B}.AppStore|iPhone.Build.0 = Release|x86
		{02439779-53B8-4C58-A226-261CABF9B73B}.AppStore|iPhone.Deploy.0 = Release|x86
		{02439779-53B8-4C58-A226-261CABF9B73B}.AppStore|iPhoneSimulator.ActiveCfg = Release|x86
		{02439779-53B8-4C58-A226-261CABF9B73B}.AppStore|iPhoneSimulator.Build.0 = Release|x86
		{02439779-53B8-4C58-A226-261CABF9B73B}.AppStore|iPhoneSimulator.Deploy.0 = Release|x86
		{02439779-53B8-4C58-A226-261CABF9B73B}.AppStore|x64.ActiveCfg = Release|x64
		{02439779-53B8-4C58-A226-261CABF9B73B}.AppStore|x64.Build.0 = Release|x64
		{02439779-53B8-4C58-A226-261CABF9B73B}.AppStore|x64.Deploy.0 = Release|x64
		{02439779-53B8-4C58-A226-261CABF9B73B}.AppStore|x86.ActiveCfg = Release|x86
		{02439779-53B8-4C58-A226-261CABF9B73B}.AppStore|x86.Build.0 = Release|x86
		{02439779-53B8-4C58-A226-261CABF9B73B}.AppStore|x86.Deploy.0 = Release|x86
		{02439779-53B8-4C58-A226-261CABF9B73B}.Debug|Any CPU.ActiveCfg = Debug|x86
		{02439779-53B8-4C58-A226-261CABF9B73B}.Debug|ARM.ActiveCfg = Debug|ARM
		{02439779-53B8-4C58-A226-261CABF9B73B}.Debug|ARM.Build.0 = Debug|ARM
		{02439779-53B8-4C58-A226-261CABF9B73B}.Debug|ARM.Deploy.0 = Debug|ARM
		{02439779-53B8-4C58-A226-261CABF9B73B}.Debug|iPhone.ActiveCfg = Debug|x86
		{02439779-53B8-4C58-A226-261CABF9B73B}.Debug|iPhoneSimulator.ActiveCfg = Debug|x86
		{02439779-53B8-4C58-A226-261CABF9B73B}.Debug|x64.ActiveCfg = Debug|x64
		{02439779-53B8-4C58-A226-261CABF9B73B}.Debug|x64.Build.0 = Debug|x64
		{02439779-53B8-4C58-A226-261CABF9B73B}.Debug|x64.Deploy.0 = Debug|x64
		{02439779-53B8-4C58-A226-261CABF9B73B}.Debug|x86.ActiveCfg = Debug|x86
		{02439779-53B8-4C58-A226-261CABF9B73B}.Debug|x86.Build.0 = Debug|x86
		{02439779-53B8-4C58-A226-261CABF9B73B}.Debug|x86.Deploy.0 = Debug|x86
		{02439779-53B8-4C58-A226-261CABF9B73B}.Release|Any CPU.ActiveCfg = Release|x86
		{02439779-53B8-4C58-A226-261CABF9B73B}.Release|ARM.ActiveCfg = Release|ARM
		{02439779-53B8-4C58-A226-261CABF9B73B}.Release|ARM.Build.0 = Release|ARM
		{02439779-53B8-4C58-A226-261CABF9B73B}.Release|ARM.Deploy.0 = Release|ARM
		{02439779-53B8-4C58-A226-261CABF9B73B}.Release|iPhone.ActiveCfg = Release|x86
		{02439779-53B8-4C58-A226-261CABF9B73B}.Release|iPhoneSimulator.ActiveCfg = Release|x86
		{02439779-53B8-4C58-A226-261CABF9B73B}.Release|x64.ActiveCfg = Release|x64
		{02439779-53B8-4C58-A226-261CABF9B73B}.Release|x64.Build.0 = Release|x64
		{02439779-53B8-4C58-A226-261CABF9B73B}.Release|x64.Deploy.0 = Release|x64
		{02439779-53B8-4C58-A226-261CABF9B73B}.Release|x86.ActiveCfg = Release|x86
		{02439779-53B8-4C58-A226-261CABF9B73B}.Release|x86.Build.0 = Release|x86
		{02439779-53B8-4C58-A226-261CABF9B73B}.Release|x86.Deploy.0 = Release|x86
		{B37AAE7D-F305-4D66-B843-7D1B2A6109D7}.Ad-Hoc|Any CPU.ActiveCfg = Ad-Hoc|iPhone
		{B37AAE7D-F305-4D66-B843-7D1B2A6109D7}.Ad-Hoc|ARM.ActiveCfg = Ad-Hoc|iPhone
		{B37AAE7D-F305-4D66-B843-7D1B2A6109D7}.Ad-Hoc|iPhone.ActiveCfg = Ad-Hoc|iPhone
		{B37AAE7D-F305-4D66-B843-7D1B2A6109D7}.Ad-Hoc|iPhone.Build.0 = Ad-Hoc|iPhone
		{B37AAE7D-F305-4D66-B843-7D1B2A6109D7}.Ad-Hoc|iPhoneSimulator.ActiveCfg = Ad-Hoc|iPhoneSimulator
		{B37AAE7D-F305-4D66-B843-7D1B2A6109D7}.Ad-Hoc|iPhoneSimulator.Build.0 = Ad-Hoc|iPhoneSimulator
		{B37AAE7D-F305-4D66-B843-7D1B2A6109D7}.Ad-Hoc|x64.ActiveCfg = Ad-Hoc|iPhone
		{B37AAE7D-F305-4D66-B843-7D1B2A6109D7}.Ad-Hoc|x86.ActiveCfg = Ad-Hoc|iPhone
		{B37AAE7D-F305-4D66-B843-7D1B2A6109D7}.AppStore|Any CPU.ActiveCfg = AppStore|iPhone
		{B37AAE7D-F305-4D66-B843-7D1B2A6109D7}.AppStore|ARM.ActiveCfg = AppStore|iPhone
		{B37AAE7D-F305-4D66-B843-7D1B2A6109D7}.AppStore|iPhone.ActiveCfg = AppStore|iPhone
		{B37AAE7D-F305-4D66-B843-7D1B2A6109D7}.AppStore|iPhone.Build.0 = AppStore|iPhone
		{B37AAE7D-F305-4D66-B843-7D1B2A6109D7}.AppStore|iPhoneSimulator.ActiveCfg = AppStore|iPhoneSimulator
		{B37AAE7D-F305-4D66-B843-7D1B2A6109D7}.AppStore|iPhoneSimulator.Build.0 = AppStore|iPhoneSimulator
		{B37AAE7D-F305-4D66-B843-7D1B2A6109D7}.AppStore|x64.ActiveCfg = AppStore|iPhone
		{B37AAE7D-F305-4D66-B843-7D1B2A6109D7}.AppStore|x86.ActiveCfg = AppStore|iPhone
		{B37AAE7D-F305-4D66-B843-7D1B2A6109D7}.Debug|Any CPU.ActiveCfg = Debug|iPhone
		{B37AAE7D-F305-4D66-B843-7D1B2A6109D7}.Debug|Any CPU.Build.0 = Debug|iPhone
		{B37AAE7D-F305-4D66-B843-7D1B2A6109D7}.Debug|ARM.ActiveCfg = Debug|iPhone
		{B37AAE7D-F305-4D66-B843-7D1B2A6109D7}.Debug|iPhone.ActiveCfg = Debug|iPhone
		{B37AAE7D-F305-4D66-B843-7D1B2A6109D7}.Debug|iPhone.Build.0 = Debug|iPhone
		{B37AAE7D-F305-4D66-B843-7D1B2A6109D7}.Debug|iPhoneSimulator.ActiveCfg = Debug|iPhoneSimulator
		{B37AAE7D-F305-4D66-B843-7D1B2A6109D7}.Debug|iPhoneSimulator.Build.0 = Debug|iPhoneSimulator
		{B37AAE7D-F305-4D66-B843-7D1B2A6109D7}.Debug|x64.ActiveCfg = Debug|iPhone
		{B37AAE7D-F305-4D66-B843-7D1B2A6109D7}.Debug|x86.ActiveCfg = Debug|iPhone
		{B37AAE7D-F305-4D66-B843-7D1B2A6109D7}.Release|Any CPU.ActiveCfg = Release|iPhone
		{B37AAE7D-F305-4D66-B843-7D1B2A6109D7}.Release|ARM.ActiveCfg = Release|iPhone
		{B37AAE7D-F305-4D66-B843-7D1B2A6109D7}.Release|iPhone.ActiveCfg = Release|iPhone
		{B37AAE7D-F305-4D66-B843-7D1B2A6109D7}.Release|iPhone.Build.0 = Release|iPhone
		{B37AAE7D-F305-4D66-B843-7D1B2A6109D7}.Release|iPhoneSimulator.ActiveCfg = Release|iPhoneSimulator
		{B37AAE7D-F305-4D66-B843-7D1B2A6109D7}.Release|iPhoneSimulator.Build.0 = Release|iPhoneSimulator
		{B37AAE7D-F305-4D66-B843-7D1B2A6109D7}.Release|x64.ActiveCfg = Release|iPhone
		{B37AAE7D-F305-4D66-B843-7D1B2A6109D7}.Release|x86.ActiveCfg = Release|iPhone
	EndGlobalSection
	GlobalSection(SolutionProperties) = preSolution
		HideSolutionNode = FALSE
	EndGlobalSection
EndGlobal
